
Microsoft Visual Studio Solution File, Format Version 12.00
# Visual Studio 15
VisualStudioVersion = 15.0.28010.2019
MinimumVisualStudioVersion = 10.0.40219.1
Project("{9A19103F-16F7-4668-BE54-9A1E7A4F7556}") = "AnagramSolver.ConsoleApp", "AnagramSolver\AnagramSolver.ConsoleApp.csproj", "{F31EA80B-4F72-41EA-A6CD-C3361516D47F}"
EndProject
Project("{9A19103F-16F7-4668-BE54-9A1E7A4F7556}") = "AnagramSolver.Contracts", "AnagramSolver.Contracts\AnagramSolver.Contracts.csproj", "{F1681240-7EFE-409B-B416-09DA48F738D0}"
EndProject
Project("{9A19103F-16F7-4668-BE54-9A1E7A4F7556}") = "AnagramSolver.BusinessLogic", "AnagramSolver.BusinessLogic\AnagramSolver.BusinessLogic.csproj", "{489197F3-A448-459E-9B90-A8A2104D5316}"
EndProject
Project("{FAE04EC0-301F-11D3-BF4B-00C04F79EFBC}") = "AnagramSolver.BusinessLogic.Tests", "AnagramSolver.BusinessLogic.Tests\AnagramSolver.BusinessLogic.Tests.csproj", "{A5F14AF3-00C2-490D-A62E-163822BBD274}"
EndProject
Global
	GlobalSection(SolutionConfigurationPlatforms) = preSolution
		Debug|Any CPU = Debug|Any CPU
		Release|Any CPU = Release|Any CPU
	EndGlobalSection
	GlobalSection(ProjectConfigurationPlatforms) = postSolution
		{F31EA80B-4F72-41EA-A6CD-C3361516D47F}.Debug|Any CPU.ActiveCfg = Debug|Any CPU
		{F31EA80B-4F72-41EA-A6CD-C3361516D47F}.Debug|Any CPU.Build.0 = Debug|Any CPU
		{F31EA80B-4F72-41EA-A6CD-C3361516D47F}.Release|Any CPU.ActiveCfg = Release|Any CPU
		{F31EA80B-4F72-41EA-A6CD-C3361516D47F}.Release|Any CPU.Build.0 = Release|Any CPU
		{F1681240-7EFE-409B-B416-09DA48F738D0}.Debug|Any CPU.ActiveCfg = Debug|Any CPU
		{F1681240-7EFE-409B-B416-09DA48F738D0}.Debug|Any CPU.Build.0 = Debug|Any CPU
		{F1681240-7EFE-409B-B416-09DA48F738D0}.Release|Any CPU.ActiveCfg = Release|Any CPU
		{F1681240-7EFE-409B-B416-09DA48F738D0}.Release|Any CPU.Build.0 = Release|Any CPU
		{489197F3-A448-459E-9B90-A8A2104D5316}.Debug|Any CPU.ActiveCfg = Debug|Any CPU
		{489197F3-A448-459E-9B90-A8A2104D5316}.Debug|Any CPU.Build.0 = Debug|Any CPU
		{489197F3-A448-459E-9B90-A8A2104D5316}.Release|Any CPU.ActiveCfg = Release|Any CPU
		{489197F3-A448-459E-9B90-A8A2104D5316}.Release|Any CPU.Build.0 = Release|Any CPU
		{A5F14AF3-00C2-490D-A62E-163822BBD274}.Debug|Any CPU.ActiveCfg = Debug|Any CPU
		{A5F14AF3-00C2-490D-A62E-163822BBD274}.Debug|Any CPU.Build.0 = Debug|Any CPU
		{A5F14AF3-00C2-490D-A62E-163822BBD274}.Release|Any CPU.ActiveCfg = Release|Any CPU
		{A5F14AF3-00C2-490D-A62E-163822BBD274}.Release|Any CPU.Build.0 = Release|Any CPU
	EndGlobalSection
	GlobalSection(SolutionProperties) = preSolution
		HideSolutionNode = FALSE
	EndGlobalSection
	GlobalSection(ExtensibilityGlobals) = postSolution
		SolutionGuid = {5563EE60-747A-44AB-9A93-7D5EBF7FFF8E}
	EndGlobalSection
EndGlobal
